// !$*UTF8*$!
{
	archiveVersion = 1;
	classes = {
	};
	objectVersion = 77;
	objects = {

/* Begin PBXBuildFile section */
		FC8267002F90D1DD00CE1839 /* FirebaseAuth in Frameworks */ = {isa = PBXBuildFile; productRef = FC8266FF2F90D1DD00CE1839 /* FirebaseAuth */; };
		FC8267A92F929FB500CE1839 /* GoogleSignIn in Frameworks */ = {isa = PBXBuildFile; productRef = FC8267A82F929FB500CE1839 /* GoogleSignIn */; };
		FC8267AB2F929FB500CE1839 /* GoogleSignInSwift in Frameworks */ = {isa = PBXBuildFile; productRef = FC8267AA2F929FB500CE1839 /* GoogleSignInSwift */; };
		FC8269752F97799C00CE1839 /* FirebaseDatabase in Frameworks */ = {isa = PBXBuildFile; productRef = FC8269742F97799C00CE1839 /* FirebaseDatabase */; };
		FC85FD8B2FBDA6A90046A66A /* Cloudinary in Frameworks */ = {isa = PBXBuildFile; productRef = FC85FD8A2FBDA6A90046A66A /* Cloudinary */; };
		FC85FD9D2FBDB57A0046A66A /* Kingfisher in Frameworks */ = {isa = PBXBuildFile; productRef = FC85FD9C2FBDB57A0046A66A /* Kingfisher */; };
		FCAF7D042FA20F8700FA4AD1 /* FirebaseFirestore in Frameworks */ = {isa = PBXBuildFile; productRef = FCAF7D032FA20F8700FA4AD1 /* FirebaseFirestore */; };
/* End PBXBuildFile section */

/* Begin PBXCopyFilesBuildPhase section */
		FC85FC602FB5D0990046A66A /* Embed Frameworks */ = {
			isa = PBXCopyFilesBuildPhase;
			buildActionMask = 2147483647;
			dstPath = "";
			dstSubfolderSpec = 10;
			files = (
			);
			name = "Embed Frameworks";
			runOnlyForDeploymentPostprocessing = 0;
		};
/* End PBXCopyFilesBuildPhase section */

/* Begin PBXFileReference section */
		FCB51F9C2F8CE5DF00BF2039 /* my-bump.app */ = {isa = PBXFileReference; explicitFileType = wrapper.application; includeInIndex = 0; path = "my-bump.app"; sourceTree = BUILT_PRODUCTS_DIR; };
/* End PBXFileReference section */

/* Begin PBXFileSystemSynchronizedBuildFileExceptionSet section */
		FC82695E2F9611AF00CE1839 /* Exceptions for "my-bump" folder in "my-bump" target */ = {
			isa = PBXFileSystemSynchronizedBuildFileExceptionSet;
			membershipExceptions = (
				Info.plist,
			);
			target = FCB51F9B2F8CE5DF00BF2039 /* my-bump */;
		};
/* End PBXFileSystemSynchronizedBuildFileExceptionSet section */

/* Begin PBXFileSystemSynchronizedRootGroup section */
		FCB51F9E2F8CE5DF00BF2039 /* my-bump */ = {
			isa = PBXFileSystemSynchronizedRootGroup;
			exceptions = (
				FC82695E2F9611AF00CE1839 /* Exceptions for "my-bump" folder in "my-bump" target */,
			);
			path = "my-bump";
			sourceTree = "<group>";
		};
/* End PBXFileSystemSynchronizedRootGroup section */

/* Begin PBXFrameworksBuildPhase section */
		FCB51F992F8CE5DF00BF2039 /* Frameworks */ = {
			isa = PBXFrameworksBuildPhase;
			buildActionMask = 2147483647;
			files = (
				FC8267AB2F929FB500CE1839 /* GoogleSignInSwift in Frameworks */,
				FC8267002F90D1DD00CE1839 /* FirebaseAuth in Frameworks */,
				FC85FD9D2FBDB57A0046A66A /* Kingfisher in Frameworks */,
				FC85FD8B2FBDA6A90046A66A /* Cloudinary in Frameworks */,
				FC8269752F97799C00CE1839 /* FirebaseDatabase in Frameworks */,
				FCAF7D042FA20F8700FA4AD1 /* FirebaseFirestore in Frameworks */,
				FC8267A92F929FB500CE1839 /* GoogleSignIn in Frameworks */,
			);
			runOnlyForDeploymentPostprocessing = 0;
		};
/* End PBXFrameworksBuildPhase section */

/* Begin PBXGroup section */
		FCB51F932F8CE5DF00BF2039 = {
			isa = PBXGroup;
			children = (
				FCB51F9E2F8CE5DF00BF2039 /* my-bump */,
				FCB51F9D2F8CE5DF00BF2039 /* Products */,
			);
			sourceTree = "<group>";
		};
		FCB51F9D2F8CE5DF00BF2039 /* Products */ = {
			isa = PBXGroup;
			children = (
				FCB51F9C2F8CE5DF00BF2039 /* my-bump.app */,
			);
			name = Products;
			sourceTree = "<group>";
		};
/* End PBXGroup section */

/* Begin PBXNativeTarget section */
		FCB51F9B2F8CE5DF00BF2039 /* my-bump */ = {
			isa = PBXNativeTarget;
			buildConfigurationList = FCB51FA72F8CE5E300BF2039 /* Build configuration list for PBXNativeTarget "my-bump" */;
			buildPhases = (
				FCB51F982F8CE5DF00BF2039 /* Sources */,
				FCB51F992F8CE5DF00BF2039 /* Frameworks */,
				FCB51F9A2F8CE5DF00BF2039 /* Resources */,
				FC85FC602FB5D0990046A66A /* Embed Frameworks */,
			);
			buildRules = (
			);
			dependencies = (
			);
			fileSystemSynchronizedGroups = (
				FCB51F9E2F8CE5DF00BF2039 /* my-bump */,
			);
			name = "my-bump";
			packageProductDependencies = (
				FC8266FF2F90D1DD00CE1839 /* FirebaseAuth */,
				FC8267A82F929FB500CE1839 /* GoogleSignIn */,
				FC8267AA2F929FB500CE1839 /* GoogleSignInSwift */,
				FC8269742F97799C00CE1839 /* FirebaseDatabase */,
				FCAF7D032FA20F8700FA4AD1 /* FirebaseFirestore */,
				FC85FD8A2FBDA6A90046A66A /* Cloudinary */,
				FC85FD9C2FBDB57A0046A66A /* Kingfisher */,
			);
			productName = "my-bump";
			productReference = FCB51F9C2F8CE5DF00BF2039 /* my-bump.app */;
			productType = "com.apple.product-type.application";
		};
/* End PBXNativeTarget section */

/* Begin PBXProject section */
		FCB51F942F8CE5DF00BF2039 /* Project object */ = {
			isa = PBXProject;
			attributes = {
				BuildIndependentTargetsInParallel = 1;
				LastSwiftUpdateCheck = 2600;
				LastUpgradeCheck = 2600;
				TargetAttributes = {
					FCB51F9B2F8CE5DF00BF2039 = {
						CreatedOnToolsVersion = 26.0;
					};
				};
			};
			buildConfigurationList = FCB51F972F8CE5DF00BF2039 /* Build configuration list for PBXProject "my-bump" */;
			developmentRegion = en;
			hasScannedForEncodings = 0;
			knownRegions = (
				en,
				Base,
			);
			mainGroup = FCB51F932F8CE5DF00BF2039;
			minimizedProjectReferenceProxies = 1;
			packageReferences = (
				FC8266FE2F90D1DD00CE1839 /* XCRemoteSwiftPackageReference "firebase-ios-sdk" */,
				FC8267A72F929FB500CE1839 /* XCRemoteSwiftPackageReference "GoogleSignIn-iOS" */,
				FC85FD892FBDA6A90046A66A /* XCRemoteSwiftPackageReference "cloudinary_ios" */,
				FC85FD9B2FBDB57A0046A66A /* XCRemoteSwiftPackageReference "Kingfisher" */,
			);
			preferredProjectObjectVersion = 77;
			productRefGroup = FCB51F9D2F8CE5DF00BF2039 /* Products */;
			projectDirPath = "";
			projectRoot = "";
			targets = (
				FCB51F9B2F8CE5DF00BF2039 /* my-bump */,
			);
		};
/* End PBXProject section */

/* Begin PBXResourcesBuildPhase section */
		FCB51F9A2F8CE5DF00BF2039 /* Resources */ = {
			isa = PBXResourcesBuildPhase;
			buildActionMask = 2147483647;
			files = (
			);
			runOnlyForDeploymentPostprocessing = 0;
		};
/* End PBXResourcesBuildPhase section */

/* Begin PBXSourcesBuildPhase section */
		FCB51F982F8CE5DF00BF2039 /* Sources */ = {
			isa = PBXSourcesBuildPhase;
			buildActionMask = 2147483647;
			files = (
			);
			runOnlyForDeploymentPostprocessing = 0;
		};
/* End PBXSourcesBuildPhase section */

/* Begin XCBuildConfiguration section */
		FCB51FA52F8CE5E300BF2039 /* Debug */ = {
			isa = XCBuildConfiguration;
			buildSettings = {
				ALWAYS_SEARCH_USER_PATHS = NO;
				ASSETCATALOG_COMPILER_GENERATE_SWIFT_ASSET_SYMBOL_EXTENSIONS = YES;
				CLANG_ANALYZER_NONNULL = YES;
				CLANG_ANALYZER_NUMBER_OBJECT_CONVERSION = YES_AGGRESSIVE;
				CLANG_CXX_LANGUAGE_STANDARD = "gnu++20";
				CLANG_ENABLE_MODULES = YES;
				CLANG_ENABLE_OBJC_ARC = YES;
				CLANG_ENABLE_OBJC_WEAK = YES;
				CLANG_WARN_BLOCK_CAPTURE_AUTORELEASING = YES;
				CLANG_WARN_BOOL_CONVERSION = YES;
				CLANG_WARN_COMMA = YES;
				CLANG_WARN_CONSTANT_CONVERSION = YES;
				CLANG_WARN_DEPRECATED_OBJC_IMPLEMENTATIONS = YES;
				CLANG_WARN_DIRECT_OBJC_ISA_USAGE = YES_ERROR;
				CLANG_WARN_DOCUMENTATION_COMMENTS = YES;
				CLANG_WARN_EMPTY_BODY = YES;
				CLANG_WARN_ENUM_CONVERSION = YES;
				CLANG_WARN_INFINITE_RECURSION = YES;
				CLANG_WARN_INT_CONVERSION = YES;
				CLANG_WARN_NON_LITERAL_NULL_CONVERSION = YES;
				CLANG_WARN_OBJC_IMPLICIT_RETAIN_SELF = YES;
				CLANG_WARN_OBJC_LITERAL_CONVERSION = YES;
				CLANG_WARN_OBJC_ROOT_CLASS = YES_ERROR;
				CLANG_WARN_QUOTED_INCLUDE_IN_FRAMEWORK_HEADER = YES;
				CLANG_WARN_RANGE_LOOP_ANALYSIS = YES;
				CLANG_WARN_STRICT_PROTOTYPES = YES;
				CLANG_WARN_SUSPICIOUS_MOVE = YES;
				CLANG_WARN_UNGUARDED_AVAILABILITY = YES_AGGRESSIVE;
				CLANG_WARN_UNREACHABLE_CODE = YES;
				CLANG_WARN__DUPLICATE_METHOD_MATCH = YES;
				COPY_PHASE_STRIP = NO;
				DEBUG_INFORMATION_FORMAT = dwarf;
				DEVELOPMENT_TEAM = CJF7D46AQ4;
				ENABLE_STRICT_OBJC_MSGSEND = YES;
				ENABLE_TESTABILITY = YES;
				ENABLE_USER_SCRIPT_SANDBOXING = NO;
				GCC_C_LANGUAGE_STANDARD = gnu17;
				GCC_DYNAMIC_NO_PIC = NO;
				GCC_NO_COMMON_BLOCKS = YES;
				GCC_OPTIMIZATION_LEVEL = 0;
				GCC_PREPROCESSOR_DEFINITIONS = (
					"DEBUG=1",
					"$(inherited)",
				);
				GCC_WARN_64_TO_32_BIT_CONVERSION = YES;
				GCC_WARN_ABOUT_RETURN_TYPE = YES_ERROR;
				GCC_WARN_UNDECLARED_SELECTOR = YES;
				GCC_WARN_UNINITIALIZED_AUTOS = YES_AGGRESSIVE;
				GCC_WARN_UNUSED_FUNCTION = YES;
				GCC_WARN_UNUSED_VARIABLE = YES;
				IPHONEOS_DEPLOYMENT_TARGET = 26.0;
				LOCALIZATION_PREFERS_STRING_CATALOGS = YES;
				MTL_ENABLE_DEBUG_INFO = INCLUDE_SOURCE;
				MTL_FAST_MATH = YES;
				ONLY_ACTIVE_ARCH = YES;
				SDKROOT = iphoneos;
				STRING_CATALOG_GENERATE_SYMBOLS = YES;
				SWIFT_ACTIVE_COMPILATION_CONDITIONS = "DEBUG $(inherited)";
				SWIFT_EMIT_LOC_STRINGS = YES;
				SWIFT_OPTIMIZATION_LEVEL = "-Onone";
			};
			name = Debug;
		};
		FCB51FA62F8CE5E300BF2039 /* Release */ = {
			isa = XCBuildConfiguration;
			buildSettings = {
				ALWAYS_SEARCH_USER_PATHS = NO;
				ASSETCATALOG_COMPILER_GENERATE_SWIFT_ASSET_SYMBOL_EXTENSIONS = YES;
				CLANG_ANALYZER_NONNULL = YES;
				CLANG_ANALYZER_NUMBER_OBJECT_CONVERSION = YES_AGGRESSIVE;
				CLANG_CXX_LANGUAGE_STANDARD = "gnu++20";
				CLANG_ENABLE_MODULES = YES;
				CLANG_ENABLE_OBJC_ARC = YES;
				CLANG_ENABLE_OBJC_WEAK = YES;
				CLANG_WARN_BLOCK_CAPTURE_AUTORELEASING = YES;
				CLANG_WARN_BOOL_CONVERSION = YES;
				CLANG_WARN_COMMA = YES;
				CLANG_WARN_CONSTANT_CONVERSION = YES;
				CLANG_WARN_DEPRECATED_OBJC_IMPLEMENTATIONS = YES;
				CLANG_WARN_DIRECT_OBJC_ISA_USAGE = YES_ERROR;
				CLANG_WARN_DOCUMENTATION_COMMENTS = YES;
				CLANG_WARN_EMPTY_BODY = YES;
				CLANG_WARN_ENUM_CONVERSION = YES;
				CLANG_WARN_INFINITE_RECURSION = YES;
				CLANG_WARN_INT_CONVERSION = YES;
				CLANG_WARN_NON_LITERAL_NULL_CONVERSION = YES;
				CLANG_WARN_OBJC_IMPLICIT_RETAIN_SELF = YES;
				CLANG_WARN_OBJC_LITERAL_CONVERSION = YES;
				CLANG_WARN_OBJC_ROOT_CLASS = YES_ERROR;
				CLANG_WARN_QUOTED_INCLUDE_IN_FRAMEWORK_HEADER = YES;
				CLANG_WARN_RANGE_LOOP_ANALYSIS = YES;
				CLANG_WARN_STRICT_PROTOTYPES = YES;
				CLANG_WARN_SUSPICIOUS_MOVE = YES;
				CLANG_WARN_UNGUARDED_AVAILABILITY = YES_AGGRESSIVE;
				CLANG_WARN_UNREACHABLE_CODE = YES;
				CLANG_WARN__DUPLICATE_METHOD_MATCH = YES;
				COPY_PHASE_STRIP = NO;
				DEBUG_INFORMATION_FORMAT = "dwarf-with-dsym";
				DEVELOPMENT_TEAM = CJF7D46AQ4;
				ENABLE_NS_ASSERTIONS = NO;
				ENABLE_STRICT_OBJC_MSGSEND = YES;
				ENABLE_USER_SCRIPT_SANDBOXING = NO;
				GCC_C_LANGUAGE_STANDARD = gnu17;
				GCC_NO_COMMON_BLOCKS = YES;
				GCC_WARN_64_TO_32_BIT_CONVERSION = YES;
				GCC_WARN_ABOUT_RETURN_TYPE = YES_ERROR;
				GCC_WARN_UNDECLARED_SELECTOR = YES;
				GCC_WARN_UNINITIALIZED_AUTOS = YES_AGGRESSIVE;
				GCC_WARN_UNUSED_FUNCTION = YES;
				GCC_WARN_UNUSED_VARIABLE = YES;
				IPHONEOS_DEPLOYMENT_TARGET = 26.0;
				LOCALIZATION_PREFERS_STRING_CATALOGS = YES;
				MTL_ENABLE_DEBUG_INFO = NO;
				MTL_FAST_MATH = YES;
				SDKROOT = iphoneos;
				STRING_CATALOG_GENERATE_SYMBOLS = YES;
				SWIFT_COMPILATION_MODE = wholemodule;
				SWIFT_EMIT_LOC_STRINGS = YES;
				VALIDATE_PRODUCT = YES;
			};
			name = Release;
		};
		FCB51FA82F8CE5E300BF2039 /* Debug */ = {
			isa = XCBuildConfiguration;
			buildSettings = {
				ASSETCATALOG_COMPILER_APPICON_NAME = AppIcon;
				ASSETCATALOG_COMPILER_GLOBAL_ACCENT_COLOR_NAME = AccentColor;
				CODE_SIGN_STYLE = Automatic;
				CURRENT_PROJECT_VERSION = 1;
				DEVELOPMENT_TEAM = CJF7D46AQ4;
				ENABLE_PREVIEWS = YES;
				GENERATE_INFOPLIST_FILE = YES;
				INFOPLIST_FILE = "my-bump/Info.plist";
				INFOPLIST_KEY_NSCameraUsageDescription = "We need your camera access to change your avatar";
				INFOPLIST_KEY_NSLocationAlwaysAndWhenInUseUsageDescription = "We need your location to show your friends";
				INFOPLIST_KEY_NSLocationAlwaysUsageDescription = "We need your location to show your friends";
				INFOPLIST_KEY_NSLocationWhenInUseUsageDescription = "We need your location to show friends";
				INFOPLIST_KEY_UIApplicationSceneManifest_Generation = YES;
				INFOPLIST_KEY_UIApplicationSupportsIndirectInputEvents = YES;
				INFOPLIST_KEY_UILaunchScreen_Generation = YES;
				INFOPLIST_KEY_UISupportedInterfaceOrientations_iPad = "UIInterfaceOrientationPortrait UIInterfaceOrientationPortraitUpsideDown UIInterfaceOrientationLandscapeLeft UIInterfaceOrientationLandscapeRight";
				INFOPLIST_KEY_UISupportedInterfaceOrientations_iPhone = "UIInterfaceOrientationPortrait UIInterfaceOrientationLandscapeLeft UIInterfaceOrientationLandscapeRight";
				LD_RUNPATH_SEARCH_PATHS = (
					"$(inherited)",
					"@executable_path/Frameworks",
				);
				MARKETING_VERSION = 1.0;
				PRODUCT_BUNDLE_IDENTIFIER = "pasha.my-bump";
				PRODUCT_NAME = "$(TARGET_NAME)";
				STRING_CATALOG_GENERATE_SYMBOLS = YES;
				SWIFT_APPROACHABLE_CONCURRENCY = YES;
				SWIFT_DEFAULT_ACTOR_ISOLATION = MainActor;
				SWIFT_EMIT_LOC_STRINGS = YES;
				SWIFT_UPCOMING_FEATURE_MEMBER_IMPORT_VISIBILITY = YES;
				SWIFT_VERSION = 5.0;
				TARGETED_DEVICE_FAMILY = "1,2";
			};
			name = Debug;
		};
		FCB51FA92F8CE5E300BF2039 /* Release */ = {
			isa = XCBuildConfiguration;
			buildSettings = {
				ASSETCATALOG_COMPILER_APPICON_NAME = AppIcon;
				ASSETCATALOG_COMPILER_GLOBAL_ACCENT_COLOR_NAME = AccentColor;
				CODE_SIGN_STYLE = Automatic;
				CURRENT_PROJECT_VERSION = 1;
				DEVELOPMENT_TEAM = CJF7D46AQ4;
				ENABLE_PREVIEWS = YES;
				GENERATE_INFOPLIST_FILE = YES;
				INFOPLIST_FILE = "my-bump/Info.plist";
				INFOPLIST_KEY_NSCameraUsageDescription = "We need your camera access to change your avatar";
				INFOPLIST_KEY_NSLocationAlwaysAndWhenInUseUsageDescription = "We need your location to show your friends";
				INFOPLIST_KEY_NSLocationAlwaysUsageDescription = "We need your location to show your friends";
				INFOPLIST_KEY_NSLocationWhenInUseUsageDescription = "We need your location to show friends";
				INFOPLIST_KEY_UIApplicationSceneManifest_Generation = YES;
				INFOPLIST_KEY_UIApplicationSupportsIndirectInputEvents = YES;
				INFOPLIST_KEY_UILaunchScreen_Generation = YES;
				INFOPLIST_KEY_UISupportedInterfaceOrientations_iPad = "UIInterfaceOrientationPortrait UIInterfaceOrientationPortraitUpsideDown UIInterfaceOrientationLandscapeLeft UIInterfaceOrientationLandscapeRight";
				INFOPLIST_KEY_UISupportedInterfaceOrientations_iPhone = "UIInterfaceOrientationPortrait UIInterfaceOrientationLandscapeLeft UIInterfaceOrientationLandscapeRight";
				LD_RUNPATH_SEARCH_PATHS = (
					"$(inherited)",
					"@executable_path/Frameworks",
				);
				MARKETING_VERSION = 1.0;
				PRODUCT_BUNDLE_IDENTIFIER = "pasha.my-bump";
				PRODUCT_NAME = "$(TARGET_NAME)";
				STRING_CATALOG_GENERATE_SYMBOLS = YES;
				SWIFT_APPROACHABLE_CONCURRENCY = YES;
				SWIFT_DEFAULT_ACTOR_ISOLATION = MainActor;
				SWIFT_EMIT_LOC_STRINGS = YES;
				SWIFT_UPCOMING_FEATURE_MEMBER_IMPORT_VISIBILITY = YES;
				SWIFT_VERSION = 5.0;
				TARGETED_DEVICE_FAMILY = "1,2";
			};
			name = Release;
		};
/* End XCBuildConfiguration section */

/* Begin XCConfigurationList section */
		FCB51F972F8CE5DF00BF2039 /* Build configuration list for PBXProject "my-bump" */ = {
			isa = XCConfigurationList;
			buildConfigurations = (
				FCB51FA52F8CE5E300BF2039 /* Debug */,
				FCB51FA62F8CE5E300BF2039 /* Release */,
			);
			defaultConfigurationIsVisible = 0;
			defaultConfigurationName = Release;
		};
		FCB51FA72F8CE5E300BF2039 /* Build configuration list for PBXNativeTarget "my-bump" */ = {
			isa = XCConfigurationList;
			buildConfigurations = (
				FCB51FA82F8CE5E300BF2039 /* Debug */,
				FCB51FA92F8CE5E300BF2039 /* Release */,
			);
			defaultConfigurationIsVisible = 0;
			defaultConfigurationName = Release;
		};
/* End XCConfigurationList section */

/* Begin XCRemoteSwiftPackageReference section */
		FC8266FE2F90D1DD00CE1839 /* XCRemoteSwiftPackageReference "firebase-ios-sdk" */ = {
			isa = XCRemoteSwiftPackageReference;
			repositoryURL = "https://github.com/firebase/firebase-ios-sdk";
			requirement = {
				kind = upToNextMajorVersion;
				minimumVersion = 12.12.0;
			};
		};
		FC8267A72F929FB500CE1839 /* XCRemoteSwiftPackageReference "GoogleSignIn-iOS" */ = {
			isa = XCRemoteSwiftPackageReference;
			repositoryURL = "https://github.com/google/GoogleSignIn-iOS";
			requirement = {
				kind = upToNextMajorVersion;
				minimumVersion = 9.1.0;
			};
		};
		FC85FD892FBDA6A90046A66A /* XCRemoteSwiftPackageReference "cloudinary_ios" */ = {
			isa = XCRemoteSwiftPackageReference;
			repositoryURL = "https://github.com/cloudinary/cloudinary_ios.git";
			requirement = {
				kind = upToNextMajorVersion;
				minimumVersion = 5.2.5;
			};
		};
		FC85FD9B2FBDB57A0046A66A /* XCRemoteSwiftPackageReference "Kingfisher" */ = {
			isa = XCRemoteSwiftPackageReference;
			repositoryURL = "https://github.com/onevcat/Kingfisher.git";
			requirement = {
				kind = upToNextMajorVersion;
				minimumVersion = 8.9.0;
			};
		};
/* End XCRemoteSwiftPackageReference section */

/* Begin XCSwiftPackageProductDependency section */
		FC8266FF2F90D1DD00CE1839 /* FirebaseAuth */ = {
			isa = XCSwiftPackageProductDependency;
			package = FC8266FE2F90D1DD00CE1839 /* XCRemoteSwiftPackageReference "firebase-ios-sdk" */;
			productName = FirebaseAuth;
		};
		FC8267A82F929FB500CE1839 /* GoogleSignIn */ = {
			isa = XCSwiftPackageProductDependency;
			package = FC8267A72F929FB500CE1839 /* XCRemoteSwiftPackageReference "GoogleSignIn-iOS" */;
			productName = GoogleSignIn;
		};
		FC8267AA2F929FB500CE1839 /* GoogleSignInSwift */ = {
			isa = XCSwiftPackageProductDependency;
			package = FC8267A72F929FB500CE1839 /* XCRemoteSwiftPackageReference "GoogleSignIn-iOS" */;
			productName = GoogleSignInSwift;
		};
		FC8269742F97799C00CE1839 /* FirebaseDatabase */ = {
			isa = XCSwiftPackageProductDependency;
			package = FC8266FE2F90D1DD00CE1839 /* XCRemoteSwiftPackageReference "firebase-ios-sdk" */;
			productName = FirebaseDatabase;
		};
		FC85FD8A2FBDA6A90046A66A /* Cloudinary */ = {
			isa = XCSwiftPackageProductDependency;
			package = FC85FD892FBDA6A90046A66A /* XCRemoteSwiftPackageReference "cloudinary_ios" */;
			productName = Cloudinary;
		};
		FC85FD9C2FBDB57A0046A66A /* Kingfisher */ = {
			isa = XCSwiftPackageProductDependency;
			package = FC85FD9B2FBDB57A0046A66A /* XCRemoteSwiftPackageReference "Kingfisher" */;
			productName = Kingfisher;
		};
		FCAF7D032FA20F8700FA4AD1 /* FirebaseFirestore */ = {
			isa = XCSwiftPackageProductDependency;
			package = FC8266FE2F90D1DD00CE1839 /* XCRemoteSwiftPackageReference "firebase-ios-sdk" */;
			productName = FirebaseFirestore;
		};
/* End XCSwiftPackageProductDependency section */
	};
	rootObject = FCB51F942F8CE5DF00BF2039 /* Project object */;
}
